
Microsoft Visual Studio Solution File, Format Version 12.00
# Visual Studio 14
VisualStudioVersion = 14.0.25420.1
MinimumVisualStudioVersion = 10.0.40219.1
Project("{FAE04EC0-301F-11D3-BF4B-00C04F79EFBC}") = "ManagerAssistance.Common", "ManagerAssistance.Common\ManagerAssistance.Common\ManagerAssistance.Common.csproj", "{2568C9F3-57FD-4354-8232-E4F3DAC38967}"
EndProject
Project("{FAE04EC0-301F-11D3-BF4B-00C04F79EFBC}") = "ManagerAssistance.Master", "ManagerAssistance.Master\ManagerAssistance.Master\ManagerAssistance.Master.csproj", "{D923297B-D0F2-4BD1-BCA4-658F5A048740}"
	ProjectSection(ProjectDependencies) = postProject
		{2568C9F3-57FD-4354-8232-E4F3DAC38967} = {2568C9F3-57FD-4354-8232-E4F3DAC38967}
	EndProjectSection
EndProject
Project("{FAE04EC0-301F-11D3-BF4B-00C04F79EFBC}") = "ManagerAssistance.Client", "ManagerAssistance.Client\ManagerAssistance.Client\ManagerAssistance.Client.csproj", "{6B72D883-72CD-4F75-A35C-90D1C6A0A12C}"
EndProject
Global
	GlobalSection(SolutionConfigurationPlatforms) = preSolution
		Debug|Any CPU = Debug|Any CPU
		Release|Any CPU = Release|Any CPU
	EndGlobalSection
	GlobalSection(ProjectConfigurationPlatforms) = postSolution
		{2568C9F3-57FD-4354-8232-E4F3DAC38967}.Debug|Any CPU.ActiveCfg = Debug|Any CPU
		{2568C9F3-57FD-4354-8232-E4F3DAC38967}.Debug|Any CPU.Build.0 = Debug|Any CPU
		{2568C9F3-57FD-4354-8232-E4F3DAC38967}.Release|Any CPU.ActiveCfg = Release|Any CPU
		{2568C9F3-57FD-4354-8232-E4F3DAC38967}.Release|Any CPU.Build.0 = Release|Any CPU
		{D923297B-D0F2-4BD1-BCA4-658F5A048740}.Debug|Any CPU.ActiveCfg = Debug|Any CPU
		{D923297B-D0F2-4BD1-BCA4-658F5A048740}.Debug|Any CPU.Build.0 = Debug|Any CPU
		{D923297B-D0F2-4BD1-BCA4-658F5A048740}.Release|Any CPU.ActiveCfg = Release|Any CPU
		{D923297B-D0F2-4BD1-BCA4-658F5A048740}.Release|Any CPU.Build.0 = Release|Any CPU
		{6B72D883-72CD-4F75-A35C-90D1C6A0A12C}.Debug|Any CPU.ActiveCfg = Debug|Any CPU
		{6B72D883-72CD-4F75-A35C-90D1C6A0A12C}.Debug|Any CPU.Build.0 = Debug|Any CPU
		{6B72D883-72CD-4F75-A35C-90D1C6A0A12C}.Release|Any CPU.ActiveCfg = Release|Any CPU
		{6B72D883-72CD-4F75-A35C-90D1C6A0A12C}.Release|Any CPU.Build.0 = Release|Any CPU
	EndGlobalSection
	GlobalSection(SolutionProperties) = preSolution
		HideSolutionNode = FALSE
	EndGlobalSection
EndGlobal
